
Microsoft Visual Studio Solution File, Format Version 12.00
# Visual Studio Version 17
VisualStudioVersion = 17.0.31903.59
MinimumVisualStudioVersion = 10.0.40219.1
Project("{2150E333-8FDC-42A3-9474-1A3956D46DE8}") = "src", "src", "{642F4CE7-0431-49D4-9BDE-E663C13C7792}"
EndProject
Project("{FAE04EC0-301F-11D3-BF4B-00C04F79EFBC}") = "DotFastLZ.Compression", "src\DotFastLZ.Compression\DotFastLZ.Compression.csproj", "{C20491BC-E472-4F09-B29C-DD7BF853C1C4}"
EndProject
Project("{2150E333-8FDC-42A3-9474-1A3956D46DE8}") = "test", "test", "{87EE9A81-1074-4466-AF83-6A059185A8E9}"
EndProject
Project("{FAE04EC0-301F-11D3-BF4B-00C04F79EFBC}") = "DotFastLZ.Compression.Tests", "test\DotFastLZ.Compression.Tests\DotFastLZ.Compression.Tests.csproj", "{FD482722-B4F3-4D05-8AAA-8EA228888C05}"
EndProject
Project("{FAE04EC0-301F-11D3-BF4B-00C04F79EFBC}") = "DotFastLZ.SixPack", "src\DotFastLZ.SixPack\DotFastLZ.SixPack.csproj", "{98630365-E9A4-4715-B08F-E6658FDD3155}"
EndProject
Project("{FAE04EC0-301F-11D3-BF4B-00C04F79EFBC}") = "DotFastLZ.SixPack.Tests", "test\DotFastLZ.SixPack.Tests\DotFastLZ.SixPack.Tests.csproj", "{0FEC3B0A-D900-4066-A652-25C392004B16}"
EndProject
Project("{FAE04EC0-301F-11D3-BF4B-00C04F79EFBC}") = "DotFastLZ.SixUnpack", "src\DotFastLZ.SixUnpack\DotFastLZ.SixUnpack.csproj", "{404FB48A-D04A-40D8-A473-507BFFC937B5}"
EndProject
Global
	GlobalSection(SolutionConfigurationPlatforms) = preSolution
		Debug|Any CPU = Debug|Any CPU
		Release|Any CPU = Release|Any CPU
	EndGlobalSection
	GlobalSection(SolutionProperties) = preSolution
		HideSolutionNode = FALSE
	EndGlobalSection
	GlobalSection(ProjectConfigurationPlatforms) = postSolution
		{C20491BC-E472-4F09-B29C-DD7BF853C1C4}.Debug|Any CPU.ActiveCfg = Debug|Any CPU
		{C20491BC-E472-4F09-B29C-DD7BF853C1C4}.Debug|Any CPU.Build.0 = Debug|Any CPU
		{C20491BC-E472-4F09-B29C-DD7BF853C1C4}.Release|Any CPU.ActiveCfg = Release|Any CPU
		{C20491BC-E472-4F09-B29C-DD7BF853C1C4}.Release|Any CPU.Build.0 = Release|Any CPU
		{FD482722-B4F3-4D05-8AAA-8EA228888C05}.Debug|Any CPU.ActiveCfg = Debug|Any CPU
		{FD482722-B4F3-4D05-8AAA-8EA228888C05}.Debug|Any CPU.Build.0 = Debug|Any CPU
		{FD482722-B4F3-4D05-8AAA-8EA228888C05}.Release|Any CPU.ActiveCfg = Release|Any CPU
		{FD482722-B4F3-4D05-8AAA-8EA228888C05}.Release|Any CPU.Build.0 = Release|Any CPU
		{98630365-E9A4-4715-B08F-E6658FDD3155}.Debug|Any CPU.ActiveCfg = Debug|Any CPU
		{98630365-E9A4-4715-B08F-E6658FDD3155}.Debug|Any CPU.Build.0 = Debug|Any CPU
		{98630365-E9A4-4715-B08F-E6658FDD3155}.Release|Any CPU.ActiveCfg = Release|Any CPU
		{98630365-E9A4-4715-B08F-E6658FDD3155}.Release|Any CPU.Build.0 = Release|Any CPU
		{0FEC3B0A-D900-4066-A652-25C392004B16}.Debug|Any CPU.ActiveCfg = Debug|Any CPU
		{0FEC3B0A-D900-4066-A652-25C392004B16}.Debug|Any CPU.Build.0 = Debug|Any CPU
		{0FEC3B0A-D900-4066-A652-25C392004B16}.Release|Any CPU.ActiveCfg = Release|Any CPU
		{0FEC3B0A-D900-4066-A652-25C392004B16}.Release|Any CPU.Build.0 = Release|Any CPU
		{404FB48A-D04A-40D8-A473-507BFFC937B5}.Debug|Any CPU.ActiveCfg = Debug|Any CPU
		{404FB48A-D04A-40D8-A473-507BFFC937B5}.Debug|Any CPU.Build.0 = Debug|Any CPU
		{404FB48A-D04A-40D8-A473-507BFFC937B5}.Release|Any CPU.ActiveCfg = Release|Any CPU
		{404FB48A-D04A-40D8-A473-507BFFC937B5}.Release|Any CPU.Build.0 = Release|Any CPU
	EndGlobalSection
	GlobalSection(NestedProjects) = preSolution
		{C20491BC-E472-4F09-B29C-DD7BF853C1C4} = {642F4CE7-0431-49D4-9BDE-E663C13C7792}
		{FD482722-B4F3-4D05-8AAA-8EA228888C05} = {87EE9A81-1074-4466-AF83-6A059185A8E9}
		{98630365-E9A4-4715-B08F-E6658FDD3155} = {642F4CE7-0431-49D4-9BDE-E663C13C7792}
		{0FEC3B0A-D900-4066-A652-25C392004B16} = {87EE9A81-1074-4466-AF83-6A059185A8E9}
		{404FB48A-D04A-40D8-A473-507BFFC937B5} = {642F4CE7-0431-49D4-9BDE-E663C13C7792}
	EndGlobalSection
EndGlobal
